
Microsoft Visual Studio Solution File, Format Version 12.00
# Visual Studio 15
VisualStudioVersion = 15.0.28010.2050
MinimumVisualStudioVersion = 10.0.40219.1
Project("{9A19103F-16F7-4668-BE54-9A1E7A4F7556}") = "SnakesAndLadders", "SnakesAndLadders\SnakesAndLadders.csproj", "{155183C3-106F-4FD7-AB59-9F783999E634}"
EndProject
Project("{9A19103F-16F7-4668-BE54-9A1E7A4F7556}") = "SnakesAndLadders.Test", "SnakesAndLadders.Test\SnakesAndLadders.Test.csproj", "{4C87C080-A65C-4DC3-8BA5-F22F9375A542}"
EndProject
Global
	GlobalSection(SolutionConfigurationPlatforms) = preSolution
		Debug|Any CPU = Debug|Any CPU
		Release|Any CPU = Release|Any CPU
	EndGlobalSection
	GlobalSection(ProjectConfigurationPlatforms) = postSolution
		{155183C3-106F-4FD7-AB59-9F783999E634}.Debug|Any CPU.ActiveCfg = Debug|Any CPU
		{155183C3-106F-4FD7-AB59-9F783999E634}.Debug|Any CPU.Build.0 = Debug|Any CPU
		{155183C3-106F-4FD7-AB59-9F783999E634}.Release|Any CPU.ActiveCfg = Release|Any CPU
		{155183C3-106F-4FD7-AB59-9F783999E634}.Release|Any CPU.Build.0 = Release|Any CPU
		{4C87C080-A65C-4DC3-8BA5-F22F9375A542}.Debug|Any CPU.ActiveCfg = Debug|Any CPU
		{4C87C080-A65C-4DC3-8BA5-F22F9375A542}.Debug|Any CPU.Build.0 = Debug|Any CPU
		{4C87C080-A65C-4DC3-8BA5-F22F9375A542}.Release|Any CPU.ActiveCfg = Release|Any CPU
		{4C87C080-A65C-4DC3-8BA5-F22F9375A542}.Release|Any CPU.Build.0 = Release|Any CPU
	EndGlobalSection
	GlobalSection(SolutionProperties) = preSolution
		HideSolutionNode = FALSE
	EndGlobalSection
	GlobalSection(ExtensibilityGlobals) = postSolution
		SolutionGuid = {5398AEFF-CF6C-41BB-8636-6C38D8CDEE9D}
	EndGlobalSection
EndGlobal
